
Microsoft Visual Studio Solution File, Format Version 12.00
# Visual Studio Version 17
VisualStudioVersion = 17.12.35707.178 d17.12
MinimumVisualStudioVersion = 10.0.40219.1
Project("{FAE04EC0-301F-11D3-BF4B-00C04F79EFBC}") = "Financeiro.Server", "Financeiro.Server\Financeiro.Server.csproj", "{14FA790A-5D83-4CD7-848D-8ABC370067A9}"
EndProject
Project("{54A90642-561A-4BB1-A94E-469ADEE60C69}") = "financeiro.client", "financeiro.client\financeiro.client.esproj", "{F802D9EA-2B89-4A3D-B5BD-FF0327032334}"
EndProject
Global
	GlobalSection(SolutionConfigurationPlatforms) = preSolution
		Debug|Any CPU = Debug|Any CPU
		Release|Any CPU = Release|Any CPU
	EndGlobalSection
	GlobalSection(ProjectConfigurationPlatforms) = postSolution
		{14FA790A-5D83-4CD7-848D-8ABC370067A9}.Debug|Any CPU.ActiveCfg = Debug|Any CPU
		{14FA790A-5D83-4CD7-848D-8ABC370067A9}.Debug|Any CPU.Build.0 = Debug|Any CPU
		{14FA790A-5D83-4CD7-848D-8ABC370067A9}.Release|Any CPU.ActiveCfg = Release|Any CPU
		{14FA790A-5D83-4CD7-848D-8ABC370067A9}.Release|Any CPU.Build.0 = Release|Any CPU
		{F802D9EA-2B89-4A3D-B5BD-FF0327032334}.Debug|Any CPU.ActiveCfg = Debug|Any CPU
		{F802D9EA-2B89-4A3D-B5BD-FF0327032334}.Debug|Any CPU.Build.0 = Debug|Any CPU
		{F802D9EA-2B89-4A3D-B5BD-FF0327032334}.Debug|Any CPU.Deploy.0 = Debug|Any CPU
		{F802D9EA-2B89-4A3D-B5BD-FF0327032334}.Release|Any CPU.ActiveCfg = Release|Any CPU
		{F802D9EA-2B89-4A3D-B5BD-FF0327032334}.Release|Any CPU.Build.0 = Release|Any CPU
		{F802D9EA-2B89-4A3D-B5BD-FF0327032334}.Release|Any CPU.Deploy.0 = Release|Any CPU
	EndGlobalSection
	GlobalSection(SolutionProperties) = preSolution
		HideSolutionNode = FALSE
	EndGlobalSection
EndGlobal
